
Microsoft Visual Studio Solution File, Format Version 12.00
# Visual Studio 15
VisualStudioVersion = 15.0.28307.1913
MinimumVisualStudioVersion = 10.0.40219.1
Project("{FAE04EC0-301F-11D3-BF4B-00C04F79EFBC}") = "prjAps", "prjAps\prjAps.csproj", "{99262EE6-0EA7-472A-9467-63F9B3CC546A}"
EndProject
Project("{FAE04EC0-301F-11D3-BF4B-00C04F79EFBC}") = "ChatServer", "..\..\CursoInicio\ChatServer\ChatServer\ChatServer.csproj", "{6D7E7903-3067-426D-9857-BE9BD8FA1DA5}"
EndProject
Global
	GlobalSection(SolutionConfigurationPlatforms) = preSolution
		Debug|Any CPU = Debug|Any CPU
		Release|Any CPU = Release|Any CPU
	EndGlobalSection
	GlobalSection(ProjectConfigurationPlatforms) = postSolution
		{99262EE6-0EA7-472A-9467-63F9B3CC546A}.Debug|Any CPU.ActiveCfg = Debug|Any CPU
		{99262EE6-0EA7-472A-9467-63F9B3CC546A}.Debug|Any CPU.Build.0 = Debug|Any CPU
		{99262EE6-0EA7-472A-9467-63F9B3CC546A}.Release|Any CPU.ActiveCfg = Release|Any CPU
		{99262EE6-0EA7-472A-9467-63F9B3CC546A}.Release|Any CPU.Build.0 = Release|Any CPU
		{6D7E7903-3067-426D-9857-BE9BD8FA1DA5}.Debug|Any CPU.ActiveCfg = Debug|Any CPU
		{6D7E7903-3067-426D-9857-BE9BD8FA1DA5}.Debug|Any CPU.Build.0 = Debug|Any CPU
		{6D7E7903-3067-426D-9857-BE9BD8FA1DA5}.Release|Any CPU.ActiveCfg = Release|Any CPU
		{6D7E7903-3067-426D-9857-BE9BD8FA1DA5}.Release|Any CPU.Build.0 = Release|Any CPU
	EndGlobalSection
	GlobalSection(SolutionProperties) = preSolution
		HideSolutionNode = FALSE
	EndGlobalSection
	GlobalSection(ExtensibilityGlobals) = postSolution
		SolutionGuid = {0C34505D-5D93-41CA-A185-B4A5E414FF0D}
	EndGlobalSection
EndGlobal
